<?xml version="1.0" encoding="UTF-8"?>
<!DOCTYPE plist PUBLIC "-//Apple//DTD PLIST 1.0//EN" "http://www.apple.com/DTDs/PropertyList-1.0.dtd">
<plist version="1.0">
<dict>
	<key>archiveVersion</key>
	<string>1</string>
	<key>classes</key>
	<dict/>
	<key>objectVersion</key>
	<string>46</string>
	<key>objects</key>
	<dict>
		<key>003F38D418E9A33500F9A8B1</key>
		<dict>
			<key>isa</key>
			<string>PBXFileReference</string>
			<key>lastKnownFileType</key>
			<string>image.png</string>
			<key>path</key>
			<string>rotate@2x.png</string>
			<key>sourceTree</key>
			<string>&lt;group&gt;</string>
		</dict>
		<key>003F38D518E9A33500F9A8B1</key>
		<dict>
			<key>fileRef</key>
			<string>003F38D418E9A33500F9A8B1</string>
			<key>isa</key>
			<string>PBXBuildFile</string>
		</dict>
		<key>003F38D618E9A33B00F9A8B1</key>
		<dict>
			<key>isa</key>
			<string>PBXFileReference</string>
			<key>lastKnownFileType</key>
			<string>image.png</string>
			<key>path</key>
			<string>magnify@2x.png</string>
			<key>sourceTree</key>
			<string>&lt;group&gt;</string>
		</dict>
		<key>003F38D718E9A33B00F9A8B1</key>
		<dict>
			<key>fileRef</key>
			<string>003F38D618E9A33B00F9A8B1</string>
			<key>isa</key>
			<string>PBXBuildFile</string>
		</dict>
		<key>003F38D818E9A34700F9A8B1</key>
		<dict>
			<key>isa</key>
			<string>PBXFileReference</string>
			<key>lastKnownFileType</key>
			<string>image.png</string>
			<key>path</key>
			<string>delete@2x.png</string>
			<key>sourceTree</key>
			<string>&lt;group&gt;</string>
		</dict>
		<key>003F38D918E9A34700F9A8B1</key>
		<dict>
			<key>fileRef</key>
			<string>003F38D818E9A34700F9A8B1</string>
			<key>isa</key>
			<string>PBXBuildFile</string>
		</dict>
		<key>003F38DA18E9A34B00F9A8B1</key>
		<dict>
			<key>isa</key>
			<string>PBXFileReference</string>
			<key>lastKnownFileType</key>
			<string>image.png</string>
			<key>path</key>
			<string>copy@2x.png</string>
			<key>sourceTree</key>
			<string>&lt;group&gt;</string>
		</dict>
		<key>003F38DB18E9A34B00F9A8B1</key>
		<dict>
			<key>fileRef</key>
			<string>003F38DA18E9A34B00F9A8B1</string>
			<key>isa</key>
			<string>PBXBuildFile</string>
		</dict>
		<key>003F38DC18E9A36600F9A8B1</key>
		<dict>
			<key>children</key>
			<array>
				<string>003F38DD18E9A36E00F9A8B1</string>
				<string>003F38DE18E9A36E00F9A8B1</string>
				<string>003F38DF18E9A36E00F9A8B1</string>
				<string>003F38E018E9A36E00F9A8B1</string>
			</array>
			<key>isa</key>
			<string>PBXGroup</string>
			<key>name</key>
			<string>Menu</string>
			<key>path</key>
			<string>Menu</string>
			<key>sourceTree</key>
			<string>&lt;group&gt;</string>
		</dict>
		<key>003F38DD18E9A36E00F9A8B1</key>
		<dict>
			<key>fileEncoding</key>
			<string>4</string>
			<key>isa</key>
			<string>PBXFileReference</string>
			<key>lastKnownFileType</key>
			<string>sourcecode.c.h</string>
			<key>path</key>
			<string>FAFancyButton.h</string>
			<key>sourceTree</key>
			<string>&lt;group&gt;</string>
		</dict>
		<key>003F38DE18E9A36E00F9A8B1</key>
		<dict>
			<key>fileEncoding</key>
			<string>4</string>
			<key>isa</key>
			<string>PBXFileReference</string>
			<key>lastKnownFileType</key>
			<string>sourcecode.c.objc</string>
			<key>path</key>
			<string>FAFancyButton.m</string>
			<key>sourceTree</key>
			<string>&lt;group&gt;</string>
		</dict>
		<key>003F38DF18E9A36E00F9A8B1</key>
		<dict>
			<key>fileEncoding</key>
			<string>4</string>
			<key>isa</key>
			<string>PBXFileReference</string>
			<key>lastKnownFileType</key>
			<string>sourcecode.c.h</string>
			<key>path</key>
			<string>FAFancyMenuView.h</string>
			<key>sourceTree</key>
			<string>&lt;group&gt;</string>
		</dict>
		<key>003F38E018E9A36E00F9A8B1</key>
		<dict>
			<key>fileEncoding</key>
			<string>4</string>
			<key>isa</key>
			<string>PBXFileReference</string>
			<key>lastKnownFileType</key>
			<string>sourcecode.c.objc</string>
			<key>path</key>
			<string>FAFancyMenuView.m</string>
			<key>sourceTree</key>
			<string>&lt;group&gt;</string>
		</dict>
		<key>003F38E118E9A36E00F9A8B1</key>
		<dict>
			<key>fileRef</key>
			<string>003F38DE18E9A36E00F9A8B1</string>
			<key>isa</key>
			<string>PBXBuildFile</string>
		</dict>
		<key>003F38E218E9A36E00F9A8B1</key>
		<dict>
			<key>fileRef</key>
			<string>003F38E018E9A36E00F9A8B1</string>
			<key>isa</key>
			<string>PBXBuildFile</string>
		</dict>
		<key>0049925E18C48326004B23F9</key>
		<dict>
			<key>isa</key>
			<string>PBXFileReference</string>
			<key>lastKnownFileType</key>
			<string>image.png</string>
			<key>path</key>
			<string>add.png</string>
			<key>sourceTree</key>
			<string>&lt;group&gt;</string>
		</dict>
		<key>0049925F18C48326004B23F9</key>
		<dict>
			<key>fileRef</key>
			<string>0049925E18C48326004B23F9</string>
			<key>isa</key>
			<string>PBXBuildFile</string>
		</dict>
		<key>0049926018C4895F004B23F9</key>
		<dict>
			<key>isa</key>
			<string>PBXFileReference</string>
			<key>lastKnownFileType</key>
			<string>wrapper.framework</string>
			<key>name</key>
			<string>AVFoundation.framework</string>
			<key>path</key>
			<string>System/Library/Frameworks/AVFoundation.framework</string>
			<key>sourceTree</key>
			<string>SDKROOT</string>
		</dict>
		<key>0049926118C4895F004B23F9</key>
		<dict>
			<key>fileRef</key>
			<string>0049926018C4895F004B23F9</string>
			<key>isa</key>
			<string>PBXBuildFile</string>
		</dict>
		<key>0049926218C48FE9004B23F9</key>
		<dict>
			<key>isa</key>
			<string>PBXFileReference</string>
			<key>lastKnownFileType</key>
			<string>wrapper.framework</string>
			<key>name</key>
			<string>CoreAudio.framework</string>
			<key>path</key>
			<string>System/Library/Frameworks/CoreAudio.framework</string>
			<key>sourceTree</key>
			<string>SDKROOT</string>
		</dict>
		<key>0049926318C48FE9004B23F9</key>
		<dict>
			<key>fileRef</key>
			<string>0049926218C48FE9004B23F9</string>
			<key>isa</key>
			<string>PBXBuildFile</string>
		</dict>
		<key>0057234718C31F8D00E05B28</key>
		<dict>
			<key>isa</key>
			<string>PBXFileReference</string>
			<key>lastKnownFileType</key>
			<string>image.png</string>
			<key>path</key>
			<string>curve.png</string>
			<key>sourceTree</key>
			<string>&lt;group&gt;</string>
		</dict>
		<key>0057234818C31F8D00E05B28</key>
		<dict>
			<key>fileRef</key>
			<string>0057234718C31F8D00E05B28</string>
			<key>isa</key>
			<string>PBXBuildFile</string>
		</dict>
		<key>0057234918C3202B00E05B28</key>
		<dict>
			<key>isa</key>
			<string>PBXFileReference</string>
			<key>lastKnownFileType</key>
			<string>image.png</string>
			<key>path</key>
			<string>hand.png</string>
			<key>sourceTree</key>
			<string>&lt;group&gt;</string>
		</dict>
		<key>0057234A18C3202B00E05B28</key>
		<dict>
			<key>fileRef</key>
			<string>0057234918C3202B00E05B28</string>
			<key>isa</key>
			<string>PBXBuildFile</string>
		</dict>
		<key>007E6FC518E17665006EDE73</key>
		<dict>
			<key>isa</key>
			<string>PBXFileReference</string>
			<key>lastKnownFileType</key>
			<string>image.png</string>
			<key>path</key>
			<string>edit.png</string>
			<key>sourceTree</key>
			<string>&lt;group&gt;</string>
		</dict>
		<key>007E6FC618E17665006EDE73</key>
		<dict>
			<key>fileRef</key>
			<string>007E6FC518E17665006EDE73</string>
			<key>isa</key>
			<string>PBXBuildFile</string>
		</dict>
		<key>00868A3C18C012E200CBBE3C</key>
		<dict>
			<key>children</key>
			<array>
				<string>00868A4E18C012E200CBBE3C</string>
				<string>00868A7018C012E300CBBE3C</string>
				<string>00868A4718C012E200CBBE3C</string>
				<string>00868A4618C012E200CBBE3C</string>
			</array>
			<key>isa</key>
			<string>PBXGroup</string>
			<key>sourceTree</key>
			<string>&lt;group&gt;</string>
		</dict>
		<key>00868A3D18C012E200CBBE3C</key>
		<dict>
			<key>attributes</key>
			<dict>
				<key>LastUpgradeCheck</key>
				<string>0510</string>
				<key>ORGANIZATIONNAME</key>
				<string>Robin W</string>
				<key>TargetAttributes</key>
				<dict>
					<key>00868A6818C012E300CBBE3C</key>
					<dict>
						<key>TestTargetID</key>
						<string>00868A4418C012E200CBBE3C</string>
					</dict>
				</dict>
			</dict>
			<key>buildConfigurationList</key>
			<string>00868A4018C012E200CBBE3C</string>
			<key>compatibilityVersion</key>
			<string>Xcode 3.2</string>
			<key>developmentRegion</key>
			<string>English</string>
			<key>hasScannedForEncodings</key>
			<string>0</string>
			<key>isa</key>
			<string>PBXProject</string>
			<key>knownRegions</key>
			<array>
				<string>en</string>
				<string>Base</string>
				<string>zh-Hans</string>
			</array>
			<key>mainGroup</key>
			<string>00868A3C18C012E200CBBE3C</string>
			<key>productRefGroup</key>
			<string>00868A4618C012E200CBBE3C</string>
			<key>projectDirPath</key>
			<string></string>
			<key>projectReferences</key>
			<array/>
			<key>projectRoot</key>
			<string></string>
			<key>targets</key>
			<array>
				<string>00868A4418C012E200CBBE3C</string>
				<string>00868A6818C012E300CBBE3C</string>
			</array>
		</dict>
		<key>00868A4018C012E200CBBE3C</key>
		<dict>
			<key>buildConfigurations</key>
			<array>
				<string>00868A7818C012E300CBBE3C</string>
				<string>00868A7918C012E300CBBE3C</string>
			</array>
			<key>defaultConfigurationIsVisible</key>
			<string>0</string>
			<key>defaultConfigurationName</key>
			<string>Release</string>
			<key>isa</key>
			<string>XCConfigurationList</string>
		</dict>
		<key>00868A4118C012E200CBBE3C</key>
		<dict>
			<key>buildActionMask</key>
			<string>2147483647</string>
			<key>files</key>
			<array>
				<string>00887F7F18ED9141004E26B4</string>
				<string>00887F8418ED9141004E26B4</string>
				<string>52E91BEA1982688F000F5ED4</string>
				<string>00868A5918C012E200CBBE3C</string>
				<string>52E91BE6198265A6000F5ED4</string>
				<string>00887F8018ED9141004E26B4</string>
				<string>00868A5F18C012E200CBBE3C</string>
				<string>003F38E118E9A36E00F9A8B1</string>
				<string>522FE923198289D900E0E599</string>
				<string>00887F8118ED9141004E26B4</string>
				<string>00887F8318ED9141004E26B4</string>
				<string>00887F8218ED9141004E26B4</string>
				<string>00887F8518ED9141004E26B4</string>
				<string>00887F8618ED9141004E26B4</string>
				<string>00887F8918EDA66C004E26B4</string>
				<string>003F38E218E9A36E00F9A8B1</string>
				<string>522FE9261982905600E0E599</string>
				<string>52E91BF619826DE6000F5ED4</string>
				<string>52E91BEE19826B13000F5ED4</string>
				<string>00868A5518C012E200CBBE3C</string>
			</array>
			<key>isa</key>
			<string>PBXSourcesBuildPhase</string>
			<key>runOnlyForDeploymentPostprocessing</key>
			<string>0</string>
		</dict>
		<key>00868A4218C012E200CBBE3C</key>
		<dict>
			<key>buildActionMask</key>
			<string>2147483647</string>
			<key>files</key>
			<array>
				<string>527DE99E198232E900EF570C</string>
				<string>0049926318C48FE9004B23F9</string>
				<string>0049926118C4895F004B23F9</string>
				<string>00868A4B18C012E200CBBE3C</string>
				<string>00868A4D18C012E200CBBE3C</string>
				<string>00868A4918C012E200CBBE3C</string>
			</array>
			<key>isa</key>
			<string>PBXFrameworksBuildPhase</string>
			<key>runOnlyForDeploymentPostprocessing</key>
			<string>0</string>
		</dict>
		<key>00868A4318C012E200CBBE3C</key>
		<dict>
			<key>buildActionMask</key>
			<string>2147483647</string>
			<key>files</key>
			<array>
				<string>00868A8818C0185200CBBE3C</string>
				<string>003F38D918E9A34700F9A8B1</string>
				<string>00868A8618C0185200CBBE3C</string>
				<string>00868A9818C01DA100CBBE3C</string>
				<string>00868A9618C01DA100CBBE3C</string>
				<string>00868A9718C01DA100CBBE3C</string>
				<string>527DE99D198232E900EF570C</string>
				<string>0057234A18C3202B00E05B28</string>
				<string>527DE9A4198232E900EF570C</string>
				<string>527DE9A2198232E900EF570C</string>
				<string>00868A9F18C01FB900CBBE3C</string>
				<string>00868AA118C01FB900CBBE3C</string>
				<string>00868A9918C01DA100CBBE3C</string>
				<string>0057234818C31F8D00E05B28</string>
				<string>00868A8718C0185200CBBE3C</string>
				<string>527DE9A3198232E900EF570C</string>
				<string>00868A8A18C0185200CBBE3C</string>
				<string>00868A6418C012E200CBBE3C</string>
				<string>527DE9A7198232E900EF570C</string>
				<string>527DE99F198232E900EF570C</string>
				<string>00868A5318C012E200CBBE3C</string>
				<string>527DE9A5198232E900EF570C</string>
				<string>003F38D518E9A33500F9A8B1</string>
				<string>527DE9A0198232E900EF570C</string>
				<string>00868A8B18C0185200CBBE3C</string>
				<string>00868A8918C0185200CBBE3C</string>
				<string>003F38DB18E9A34B00F9A8B1</string>
				<string>0049925F18C48326004B23F9</string>
				<string>00868AA018C01FB900CBBE3C</string>
				<string>527DE9A1198232E900EF570C</string>
				<string>00868A5C18C012E200CBBE3C</string>
				<string>007E6FC618E17665006EDE73</string>
				<string>00868A9A18C01DA100CBBE3C</string>
				<string>00868A9B18C01DA100CBBE3C</string>
				<string>00D4E9D718E02EE1006340AB</string>
				<string>003F38D718E9A33B00F9A8B1</string>
				<string>527DE9A6198232E900EF570C</string>
			</array>
			<key>isa</key>
			<string>PBXResourcesBuildPhase</string>
			<key>runOnlyForDeploymentPostprocessing</key>
			<string>0</string>
		</dict>
		<key>00868A4418C012E200CBBE3C</key>
		<dict>
			<key>buildConfigurationList</key>
			<string>00868A7A18C012E300CBBE3C</string>
			<key>buildPhases</key>
			<array>
				<string>00868A4118C012E200CBBE3C</string>
				<string>00868A4218C012E200CBBE3C</string>
				<string>00868A4318C012E200CBBE3C</string>
			</array>
			<key>buildRules</key>
			<array/>
			<key>dependencies</key>
			<array/>
			<key>isa</key>
			<string>PBXNativeTarget</string>
			<key>name</key>
			<string>MagicPaint</string>
			<key>productName</key>
			<string>paint</string>
			<key>productReference</key>
			<string>00868A4518C012E200CBBE3C</string>
			<key>productType</key>
			<string>com.apple.product-type.application</string>
		</dict>
		<key>00868A4518C012E200CBBE3C</key>
		<dict>
			<key>explicitFileType</key>
			<string>wrapper.application</string>
			<key>includeInIndex</key>
			<string>0</string>
			<key>isa</key>
			<string>PBXFileReference</string>
			<key>path</key>
			<string>MagicPaint.app</string>
			<key>sourceTree</key>
			<string>BUILT_PRODUCTS_DIR</string>
		</dict>
		<key>00868A4618C012E200CBBE3C</key>
		<dict>
			<key>children</key>
			<array>
				<string>00868A4518C012E200CBBE3C</string>
				<string>00868A6918C012E300CBBE3C</string>
			</array>
			<key>isa</key>
			<string>PBXGroup</string>
			<key>name</key>
			<string>Products</string>
			<key>sourceTree</key>
			<string>&lt;group&gt;</string>
		</dict>
		<key>00868A4718C012E200CBBE3C</key>
		<dict>
			<key>children</key>
			<array>
				<string>0049926218C48FE9004B23F9</string>
				<string>0049926018C4895F004B23F9</string>
				<string>00868A4818C012E200CBBE3C</string>
				<string>00868A4A18C012E200CBBE3C</string>
				<string>00868A4C18C012E200CBBE3C</string>
				<string>00868A6A18C012E300CBBE3C</string>
			</array>
			<key>isa</key>
			<string>PBXGroup</string>
			<key>name</key>
			<string>Frameworks</string>
			<key>sourceTree</key>
			<string>&lt;group&gt;</string>
		</dict>
		<key>00868A4818C012E200CBBE3C</key>
		<dict>
			<key>isa</key>
			<string>PBXFileReference</string>
			<key>lastKnownFileType</key>
			<string>wrapper.framework</string>
			<key>name</key>
			<string>Foundation.framework</string>
			<key>path</key>
			<string>System/Library/Frameworks/Foundation.framework</string>
			<key>sourceTree</key>
			<string>SDKROOT</string>
		</dict>
		<key>00868A4918C012E200CBBE3C</key>
		<dict>
			<key>fileRef</key>
			<string>00868A4818C012E200CBBE3C</string>
			<key>isa</key>
			<string>PBXBuildFile</string>
		</dict>
		<key>00868A4A18C012E200CBBE3C</key>
		<dict>
			<key>isa</key>
			<string>PBXFileReference</string>
			<key>lastKnownFileType</key>
			<string>wrapper.framework</string>
			<key>name</key>
			<string>CoreGraphics.framework</string>
			<key>path</key>
			<string>System/Library/Frameworks/CoreGraphics.framework</string>
			<key>sourceTree</key>
			<string>SDKROOT</string>
		</dict>
		<key>00868A4B18C012E200CBBE3C</key>
		<dict>
			<key>fileRef</key>
			<string>00868A4A18C012E200CBBE3C</string>
			<key>isa</key>
			<string>PBXBuildFile</string>
		</dict>
		<key>00868A4C18C012E200CBBE3C</key>
		<dict>
			<key>isa</key>
			<string>PBXFileReference</string>
			<key>lastKnownFileType</key>
			<string>wrapper.framework</string>
			<key>name</key>
			<string>UIKit.framework</string>
			<key>path</key>
			<string>System/Library/Frameworks/UIKit.framework</string>
			<key>sourceTree</key>
			<string>SDKROOT</string>
		</dict>
		<key>00868A4D18C012E200CBBE3C</key>
		<dict>
			<key>fileRef</key>
			<string>00868A4C18C012E200CBBE3C</string>
			<key>isa</key>
			<string>PBXBuildFile</string>
		</dict>
		<key>00868A4E18C012E200CBBE3C</key>
		<dict>
			<key>children</key>
			<array>
				<string>00887F6F18ED9141004E26B4</string>
				<string>527DE981198232E900EF570C</string>
				<string>00887F6A18ED9141004E26B4</string>
				<string>003F38DC18E9A36600F9A8B1</string>
				<string>00868A5718C012E200CBBE3C</string>
				<string>00868A5818C012E200CBBE3C</string>
				<string>00868A5A18C012E200CBBE3C</string>
				<string>00868A5D18C012E200CBBE3C</string>
				<string>00868A5E18C012E200CBBE3C</string>
				<string>00887F8718EDA66C004E26B4</string>
				<string>00887F8818EDA66C004E26B4</string>
				<string>00868A6318C012E200CBBE3C</string>
				<string>00868A4F18C012E200CBBE3C</string>
			</array>
			<key>isa</key>
			<string>PBXGroup</string>
			<key>path</key>
			<string>paint</string>
			<key>sourceTree</key>
			<string>&lt;group&gt;</string>
		</dict>
		<key>00868A4F18C012E200CBBE3C</key>
		<dict>
			<key>children</key>
			<array>
				<string>003F38DA18E9A34B00F9A8B1</string>
				<string>003F38D818E9A34700F9A8B1</string>
				<string>003F38D618E9A33B00F9A8B1</string>
				<string>003F38D418E9A33500F9A8B1</string>
				<string>007E6FC518E17665006EDE73</string>
				<string>00868A8018C0185200CBBE3C</string>
				<string>00D4E9D618E02EE1006340AB</string>
				<string>00868A9018C01DA100CBBE3C</string>
				<string>0057234718C31F8D00E05B28</string>
				<string>00868A9118C01DA100CBBE3C</string>
				<string>0049925E18C48326004B23F9</string>
				<string>00868A9218C01DA100CBBE3C</string>
				<string>00868A9318C01DA100CBBE3C</string>
				<string>00868A9418C01DA100CBBE3C</string>
				<string>00868A9518C01DA100CBBE3C</string>
				<string>00868A8118C0185200CBBE3C</string>
				<string>00868A8218C0185200CBBE3C</string>
				<string>00868A8318C0185200CBBE3C</string>
				<string>00868A9C18C01FB900CBBE3C</string>
				<string>0057234918C3202B00E05B28</string>
				<string>00868A9D18C01FB900CBBE3C</string>
				<string>00868A9E18C01FB900CBBE3C</string>
				<string>00868A8418C0185200CBBE3C</string>
				<string>00868A8518C0185200CBBE3C</string>
				<string>00868A5018C012E200CBBE3C</string>
				<string>00868A5118C012E200CBBE3C</string>
				<string>00868A5418C012E200CBBE3C</string>
				<string>00868A5618C012E200CBBE3C</string>
			</array>
			<key>isa</key>
			<string>PBXGroup</string>
			<key>name</key>
			<string>Supporting Files</string>
			<key>path</key>
			<string>Supporting Files</string>
			<key>sourceTree</key>
			<string>&lt;group&gt;</string>
		</dict>
		<key>00868A5018C012E200CBBE3C</key>
		<dict>
			<key>isa</key>
			<string>PBXFileReference</string>
			<key>lastKnownFileType</key>
			<string>text.plist.xml</string>
			<key>path</key>
			<string>MagicPaint-Info.plist</string>
			<key>sourceTree</key>
			<string>&lt;group&gt;</string>
		</dict>
		<key>00868A5118C012E200CBBE3C</key>
		<dict>
			<key>children</key>
			<array>
				<string>00868A5218C012E200CBBE3C</string>
			</array>
			<key>isa</key>
			<string>PBXVariantGroup</string>
			<key>name</key>
			<string>InfoPlist.strings</string>
			<key>sourceTree</key>
			<string>&lt;group&gt;</string>
		</dict>
		<key>00868A5218C012E200CBBE3C</key>
		<dict>
			<key>isa</key>
			<string>PBXFileReference</string>
			<key>lastKnownFileType</key>
			<string>text.plist.strings</string>
			<key>name</key>
			<string>en</string>
			<key>path</key>
			<string>en.lproj/InfoPlist.strings</string>
			<key>sourceTree</key>
			<string>&lt;group&gt;</string>
		</dict>
		<key>00868A5318C012E200CBBE3C</key>
		<dict>
			<key>fileRef</key>
			<string>00868A5118C012E200CBBE3C</string>
			<key>isa</key>
			<string>PBXBuildFile</string>
		</dict>
		<key>00868A5418C012E200CBBE3C</key>
		<dict>
			<key>isa</key>
			<string>PBXFileReference</string>
			<key>lastKnownFileType</key>
			<string>sourcecode.c.objc</string>
			<key>path</key>
			<string>main.m</string>
			<key>sourceTree</key>
			<string>&lt;group&gt;</string>
		</dict>
		<key>00868A5518C012E200CBBE3C</key>
		<dict>
			<key>fileRef</key>
			<string>00868A5418C012E200CBBE3C</string>
			<key>isa</key>
			<string>PBXBuildFile</string>
		</dict>
		<key>00868A5618C012E200CBBE3C</key>
		<dict>
			<key>isa</key>
			<string>PBXFileReference</string>
			<key>lastKnownFileType</key>
			<string>sourcecode.c.h</string>
			<key>path</key>
			<string>MagicPaint-Prefix.pch</string>
			<key>sourceTree</key>
			<string>&lt;group&gt;</string>
		</dict>
		<key>00868A5718C012E200CBBE3C</key>
		<dict>
			<key>isa</key>
			<string>PBXFileReference</string>
			<key>lastKnownFileType</key>
			<string>sourcecode.c.h</string>
			<key>path</key>
			<string>AppDelegate.h</string>
			<key>sourceTree</key>
			<string>&lt;group&gt;</string>
		</dict>
		<key>00868A5818C012E200CBBE3C</key>
		<dict>
			<key>isa</key>
			<string>PBXFileReference</string>
			<key>lastKnownFileType</key>
			<string>sourcecode.c.objc</string>
			<key>path</key>
			<string>AppDelegate.m</string>
			<key>sourceTree</key>
			<string>&lt;group&gt;</string>
		</dict>
		<key>00868A5918C012E200CBBE3C</key>
		<dict>
			<key>fileRef</key>
			<string>00868A5818C012E200CBBE3C</string>
			<key>isa</key>
			<string>PBXBuildFile</string>
		</dict>
		<key>00868A5A18C012E200CBBE3C</key>
		<dict>
			<key>children</key>
			<array>
				<string>00868A5B18C012E200CBBE3C</string>
			</array>
			<key>isa</key>
			<string>PBXVariantGroup</string>
			<key>name</key>
			<string>Main.storyboard</string>
			<key>sourceTree</key>
			<string>&lt;group&gt;</string>
		</dict>
		<key>00868A5B18C012E200CBBE3C</key>
		<dict>
			<key>isa</key>
			<string>PBXFileReference</string>
			<key>lastKnownFileType</key>
			<string>file.storyboard</string>
			<key>name</key>
			<string>Base</string>
			<key>path</key>
			<string>Base.lproj/Main.storyboard</string>
			<key>sourceTree</key>
			<string>&lt;group&gt;</string>
		</dict>
		<key>00868A5C18C012E200CBBE3C</key>
		<dict>
			<key>fileRef</key>
			<string>00868A5A18C012E200CBBE3C</string>
			<key>isa</key>
			<string>PBXBuildFile</string>
		</dict>
		<key>00868A5D18C012E200CBBE3C</key>
		<dict>
			<key>isa</key>
			<string>PBXFileReference</string>
			<key>lastKnownFileType</key>
			<string>sourcecode.c.h</string>
			<key>path</key>
			<string>FirstViewController.h</string>
			<key>sourceTree</key>
			<string>&lt;group&gt;</string>
		</dict>
		<key>00868A5E18C012E200CBBE3C</key>
		<dict>
			<key>isa</key>
			<string>PBXFileReference</string>
			<key>lastKnownFileType</key>
			<string>sourcecode.c.objc</string>
			<key>path</key>
			<string>FirstViewController.m</string>
			<key>sourceTree</key>
			<string>&lt;group&gt;</string>
		</dict>
		<key>00868A5F18C012E200CBBE3C</key>
		<dict>
			<key>fileRef</key>
			<string>00868A5E18C012E200CBBE3C</string>
			<key>isa</key>
			<string>PBXBuildFile</string>
		</dict>
		<key>00868A6318C012E200CBBE3C</key>
		<dict>
			<key>isa</key>
			<string>PBXFileReference</string>
			<key>lastKnownFileType</key>
			<string>folder.assetcatalog</string>
			<key>path</key>
			<string>Images.xcassets</string>
			<key>sourceTree</key>
			<string>&lt;group&gt;</string>
		</dict>
		<key>00868A6418C012E200CBBE3C</key>
		<dict>
			<key>fileRef</key>
			<string>00868A6318C012E200CBBE3C</string>
			<key>isa</key>
			<string>PBXBuildFile</string>
		</dict>
		<key>00868A6518C012E300CBBE3C</key>
		<dict>
			<key>buildActionMask</key>
			<string>2147483647</string>
			<key>files</key>
			<array>
				<string>00868A7718C012E300CBBE3C</string>
			</array>
			<key>isa</key>
			<string>PBXSourcesBuildPhase</string>
			<key>runOnlyForDeploymentPostprocessing</key>
			<string>0</string>
		</dict>
		<key>00868A6618C012E300CBBE3C</key>
		<dict>
			<key>buildActionMask</key>
			<string>2147483647</string>
			<key>files</key>
			<array>
				<string>00868A6B18C012E300CBBE3C</string>
				<string>00868A6D18C012E300CBBE3C</string>
				<string>00868A6C18C012E300CBBE3C</string>
			</array>
			<key>isa</key>
			<string>PBXFrameworksBuildPhase</string>
			<key>runOnlyForDeploymentPostprocessing</key>
			<string>0</string>
		</dict>
		<key>00868A6718C012E300CBBE3C</key>
		<dict>
			<key>buildActionMask</key>
			<string>2147483647</string>
			<key>files</key>
			<array>
				<string>00868A7518C012E300CBBE3C</string>
			</array>
			<key>isa</key>
			<string>PBXResourcesBuildPhase</string>
			<key>runOnlyForDeploymentPostprocessing</key>
			<string>0</string>
		</dict>
		<key>00868A6818C012E300CBBE3C</key>
		<dict>
			<key>buildConfigurationList</key>
			<string>00868A7D18C012E300CBBE3C</string>
			<key>buildPhases</key>
			<array>
				<string>00868A6518C012E300CBBE3C</string>
				<string>00868A6618C012E300CBBE3C</string>
				<string>00868A6718C012E300CBBE3C</string>
			</array>
			<key>buildRules</key>
			<array/>
			<key>dependencies</key>
			<array>
				<string>00868A6F18C012E300CBBE3C</string>
			</array>
			<key>isa</key>
			<string>PBXNativeTarget</string>
			<key>name</key>
			<string>MagicPaintTests</string>
			<key>productName</key>
			<string>paintTests</string>
			<key>productReference</key>
			<string>00868A6918C012E300CBBE3C</string>
			<key>productType</key>
			<string>com.apple.product-type.bundle.unit-test</string>
		</dict>
		<key>00868A6918C012E300CBBE3C</key>
		<dict>
			<key>explicitFileType</key>
			<string>wrapper.cfbundle</string>
			<key>includeInIndex</key>
			<string>0</string>
			<key>isa</key>
			<string>PBXFileReference</string>
			<key>path</key>
			<string>MagicPaintTests.xctest</string>
			<key>sourceTree</key>
			<string>BUILT_PRODUCTS_DIR</string>
		</dict>
		<key>00868A6A18C012E300CBBE3C</key>
		<dict>
			<key>isa</key>
			<string>PBXFileReference</string>
			<key>lastKnownFileType</key>
			<string>wrapper.framework</string>
			<key>name</key>
			<string>XCTest.framework</string>
			<key>path</key>
			<string>Library/Frameworks/XCTest.framework</string>
			<key>sourceTree</key>
			<string>DEVELOPER_DIR</string>
		</dict>
		<key>00868A6B18C012E300CBBE3C</key>
		<dict>
			<key>fileRef</key>
			<string>00868A6A18C012E300CBBE3C</string>
			<key>isa</key>
			<string>PBXBuildFile</string>
		</dict>
		<key>00868A6C18C012E300CBBE3C</key>
		<dict>
			<key>fileRef</key>
			<string>00868A4818C012E200CBBE3C</string>
			<key>isa</key>
			<string>PBXBuildFile</string>
		</dict>
		<key>00868A6D18C012E300CBBE3C</key>
		<dict>
			<key>fileRef</key>
			<string>00868A4C18C012E200CBBE3C</string>
			<key>isa</key>
			<string>PBXBuildFile</string>
		</dict>
		<key>00868A6E18C012E300CBBE3C</key>
		<dict>
			<key>containerPortal</key>
			<string>00868A3D18C012E200CBBE3C</string>
			<key>isa</key>
			<string>PBXContainerItemProxy</string>
			<key>proxyType</key>
			<string>1</string>
			<key>remoteGlobalIDString</key>
			<string>00868A4418C012E200CBBE3C</string>
			<key>remoteInfo</key>
			<string>paint</string>
		</dict>
		<key>00868A6F18C012E300CBBE3C</key>
		<dict>
			<key>isa</key>
			<string>PBXTargetDependency</string>
			<key>target</key>
			<string>00868A4418C012E200CBBE3C</string>
			<key>targetProxy</key>
			<string>00868A6E18C012E300CBBE3C</string>
		</dict>
		<key>00868A7018C012E300CBBE3C</key>
		<dict>
			<key>children</key>
			<array>
				<string>00868A7618C012E300CBBE3C</string>
				<string>00868A7118C012E300CBBE3C</string>
			</array>
			<key>isa</key>
			<string>PBXGroup</string>
			<key>path</key>
			<string>paintTests</string>
			<key>sourceTree</key>
			<string>&lt;group&gt;</string>
		</dict>
		<key>00868A7118C012E300CBBE3C</key>
		<dict>
			<key>children</key>
			<array>
				<string>00868A7218C012E300CBBE3C</string>
				<string>00868A7318C012E300CBBE3C</string>
			</array>
			<key>isa</key>
			<string>PBXGroup</string>
			<key>name</key>
			<string>Supporting Files</string>
			<key>path</key>
			<string>Supporting Files</string>
			<key>sourceTree</key>
			<string>&lt;group&gt;</string>
		</dict>
		<key>00868A7218C012E300CBBE3C</key>
		<dict>
			<key>isa</key>
			<string>PBXFileReference</string>
			<key>lastKnownFileType</key>
			<string>text.plist.xml</string>
			<key>path</key>
			<string>MagicPaintTests-Info.plist</string>
			<key>sourceTree</key>
			<string>&lt;group&gt;</string>
		</dict>
		<key>00868A7318C012E300CBBE3C</key>
		<dict>
			<key>children</key>
			<array>
				<string>00868A7418C012E300CBBE3C</string>
			</array>
			<key>isa</key>
			<string>PBXVariantGroup</string>
			<key>name</key>
			<string>InfoPlist.strings</string>
			<key>sourceTree</key>
			<string>&lt;group&gt;</string>
		</dict>
		<key>00868A7418C012E300CBBE3C</key>
		<dict>
			<key>isa</key>
			<string>PBXFileReference</string>
			<key>lastKnownFileType</key>
			<string>text.plist.strings</string>
			<key>name</key>
			<string>en</string>
			<key>path</key>
			<string>en.lproj/InfoPlist.strings</string>
			<key>sourceTree</key>
			<string>&lt;group&gt;</string>
		</dict>
		<key>00868A7518C012E300CBBE3C</key>
		<dict>
			<key>fileRef</key>
			<string>00868A7318C012E300CBBE3C</string>
			<key>isa</key>
			<string>PBXBuildFile</string>
		</dict>
		<key>00868A7618C012E300CBBE3C</key>
		<dict>
			<key>isa</key>
			<string>PBXFileReference</string>
			<key>lastKnownFileType</key>
			<string>sourcecode.c.objc</string>
			<key>path</key>
			<string>paintTests.m</string>
			<key>sourceTree</key>
			<string>&lt;group&gt;</string>
		</dict>
		<key>00868A7718C012E300CBBE3C</key>
		<dict>
			<key>fileRef</key>
			<string>00868A7618C012E300CBBE3C</string>
			<key>isa</key>
			<string>PBXBuildFile</string>
		</dict>
		<key>00868A7818C012E300CBBE3C</key>
		<dict>
			<key>buildSettings</key>
			<dict>
				<key>ALWAYS_SEARCH_USER_PATHS</key>
				<string>NO</string>
				<key>CLANG_CXX_LANGUAGE_STANDARD</key>
				<string>gnu++0x</string>
				<key>CLANG_CXX_LIBRARY</key>
				<string>libc++</string>
				<key>CLANG_ENABLE_MODULES</key>
				<string>YES</string>
				<key>CLANG_ENABLE_OBJC_ARC</key>
				<string>YES</string>
				<key>CLANG_WARN_BOOL_CONVERSION</key>
				<string>YES</string>
				<key>CLANG_WARN_CONSTANT_CONVERSION</key>
				<string>YES</string>
				<key>CLANG_WARN_DIRECT_OBJC_ISA_USAGE</key>
				<string>YES_ERROR</string>
				<key>CLANG_WARN_EMPTY_BODY</key>
				<string>YES</string>
				<key>CLANG_WARN_ENUM_CONVERSION</key>
				<string>YES</string>
				<key>CLANG_WARN_INT_CONVERSION</key>
				<string>YES</string>
				<key>CLANG_WARN_OBJC_ROOT_CLASS</key>
				<string>YES_ERROR</string>
				<key>CLANG_WARN__DUPLICATE_METHOD_MATCH</key>
				<string>YES</string>
				<key>CODE_SIGN_IDENTITY[sdk=iphoneos*]</key>
				<string>iPhone Developer</string>
				<key>COPY_PHASE_STRIP</key>
				<string>NO</string>
				<key>GCC_C_LANGUAGE_STANDARD</key>
				<string>gnu99</string>
				<key>GCC_DYNAMIC_NO_PIC</key>
				<string>NO</string>
				<key>GCC_OPTIMIZATION_LEVEL</key>
				<string>0</string>
				<key>GCC_PREPROCESSOR_DEFINITIONS</key>
				<array>
					<string>DEBUG=1</string>
					<string>$(inherited)</string>
				</array>
				<key>GCC_SYMBOLS_PRIVATE_EXTERN</key>
				<string>NO</string>
				<key>GCC_WARN_64_TO_32_BIT_CONVERSION</key>
				<string>YES</string>
				<key>GCC_WARN_ABOUT_RETURN_TYPE</key>
				<string>YES_ERROR</string>
				<key>GCC_WARN_UNDECLARED_SELECTOR</key>
				<string>YES</string>
				<key>GCC_WARN_UNINITIALIZED_AUTOS</key>
				<string>YES</string>
				<key>GCC_WARN_UNUSED_FUNCTION</key>
				<string>YES</string>
				<key>GCC_WARN_UNUSED_VARIABLE</key>
				<string>YES</string>
				<key>IPHONEOS_DEPLOYMENT_TARGET</key>
				<string>7.0</string>
				<key>LD_MAP_FILE_PATH</key>
				<string></string>
				<key>ONLY_ACTIVE_ARCH</key>
				<string>YES</string>
				<key>SDKROOT</key>
				<string>iphoneos</string>
			</dict>
			<key>isa</key>
			<string>XCBuildConfiguration</string>
			<key>name</key>
			<string>Debug</string>
		</dict>
		<key>00868A7918C012E300CBBE3C</key>
		<dict>
			<key>buildSettings</key>
			<dict>
				<key>ALWAYS_SEARCH_USER_PATHS</key>
				<string>NO</string>
				<key>CLANG_CXX_LANGUAGE_STANDARD</key>
				<string>gnu++0x</string>
				<key>CLANG_CXX_LIBRARY</key>
				<string>libc++</string>
				<key>CLANG_ENABLE_MODULES</key>
				<string>YES</string>
				<key>CLANG_ENABLE_OBJC_ARC</key>
				<string>YES</string>
				<key>CLANG_WARN_BOOL_CONVERSION</key>
				<string>YES</string>
				<key>CLANG_WARN_CONSTANT_CONVERSION</key>
				<string>YES</string>
				<key>CLANG_WARN_DIRECT_OBJC_ISA_USAGE</key>
				<string>YES_ERROR</string>
				<key>CLANG_WARN_EMPTY_BODY</key>
				<string>YES</string>
				<key>CLANG_WARN_ENUM_CONVERSION</key>
				<string>YES</string>
				<key>CLANG_WARN_INT_CONVERSION</key>
				<string>YES</string>
				<key>CLANG_WARN_OBJC_ROOT_CLASS</key>
				<string>YES_ERROR</string>
				<key>CLANG_WARN__DUPLICATE_METHOD_MATCH</key>
				<string>YES</string>
				<key>CODE_SIGN_IDENTITY[sdk=iphoneos*]</key>
				<string>iPhone Developer</string>
				<key>COPY_PHASE_STRIP</key>
				<string>YES</string>
				<key>ENABLE_NS_ASSERTIONS</key>
				<string>NO</string>
				<key>GCC_C_LANGUAGE_STANDARD</key>
				<string>gnu99</string>
				<key>GCC_WARN_64_TO_32_BIT_CONVERSION</key>
				<string>YES</string>
				<key>GCC_WARN_ABOUT_RETURN_TYPE</key>
				<string>YES_ERROR</string>
				<key>GCC_WARN_UNDECLARED_SELECTOR</key>
				<string>YES</string>
				<key>GCC_WARN_UNINITIALIZED_AUTOS</key>
				<string>YES</string>
				<key>GCC_WARN_UNUSED_FUNCTION</key>
				<string>YES</string>
				<key>GCC_WARN_UNUSED_VARIABLE</key>
				<string>YES</string>
				<key>IPHONEOS_DEPLOYMENT_TARGET</key>
				<string>7.0</string>
				<key>LD_MAP_FILE_PATH</key>
				<string></string>
				<key>SDKROOT</key>
				<string>iphoneos</string>
				<key>VALIDATE_PRODUCT</key>
				<string>YES</string>
			</dict>
			<key>isa</key>
			<string>XCBuildConfiguration</string>
			<key>name</key>
			<string>Release</string>
		</dict>
		<key>00868A7A18C012E300CBBE3C</key>
		<dict>
			<key>buildConfigurations</key>
			<array>
				<string>00868A7B18C012E300CBBE3C</string>
				<string>00868A7C18C012E300CBBE3C</string>
			</array>
			<key>defaultConfigurationIsVisible</key>
			<string>0</string>
			<key>defaultConfigurationName</key>
			<string>Release</string>
			<key>isa</key>
			<string>XCConfigurationList</string>
		</dict>
		<key>00868A7B18C012E300CBBE3C</key>
		<dict>
			<key>buildSettings</key>
			<dict>
				<key>ASSETCATALOG_COMPILER_APPICON_NAME</key>
				<string>AppIcon</string>
				<key>ASSETCATALOG_COMPILER_LAUNCHIMAGE_NAME</key>
				<string>LaunchImage</string>
				<key>GCC_PRECOMPILE_PREFIX_HEADER</key>
				<string>YES</string>
				<key>GCC_PREFIX_HEADER</key>
				<string>paint/Supporting Files/MagicPaint-Prefix.pch</string>
				<key>INFOPLIST_FILE</key>
				<string>paint/Supporting Files/MagicPaint-Info.plist</string>
				<key>IPHONEOS_DEPLOYMENT_TARGET</key>
				<string>7.0</string>
				<key>LIBRARY_SEARCH_PATHS</key>
				<array>
					<string>$(PROJECT_DIR)/paint/UMSocial_Sdk_3.3.4/frameworks/Wechat</string>
					<string>$(PROJECT_DIR)/paint/UMSocial_Sdk_3.3.4</string>
					<string>$(PROJECT_DIR)/paint/umeng_ios_social_sdk_4.0_custom/UMSocial_Sdk_4.0</string>
				</array>
				<key>PRODUCT_NAME</key>
				<string>MagicPaint</string>
				<key>WRAPPER_EXTENSION</key>
				<string>app</string>
			</dict>
			<key>isa</key>
			<string>XCBuildConfiguration</string>
			<key>name</key>
			<string>Debug</string>
		</dict>
		<key>00868A7C18C012E300CBBE3C</key>
		<dict>
			<key>buildSettings</key>
			<dict>
				<key>ASSETCATALOG_COMPILER_APPICON_NAME</key>
				<string>AppIcon</string>
				<key>ASSETCATALOG_COMPILER_LAUNCHIMAGE_NAME</key>
				<string>LaunchImage</string>
				<key>GCC_PRECOMPILE_PREFIX_HEADER</key>
				<string>YES</string>
				<key>GCC_PREFIX_HEADER</key>
				<string>paint/Supporting Files/MagicPaint-Prefix.pch</string>
				<key>INFOPLIST_FILE</key>
				<string>paint/Supporting Files/MagicPaint-Info.plist</string>
				<key>IPHONEOS_DEPLOYMENT_TARGET</key>
				<string>7.0</string>
				<key>LIBRARY_SEARCH_PATHS</key>
				<array>
					<string>$(PROJECT_DIR)/paint/UMSocial_Sdk_3.3.4/frameworks/Wechat</string>
					<string>$(PROJECT_DIR)/paint/UMSocial_Sdk_3.3.4</string>
					<string>$(PROJECT_DIR)/paint/umeng_ios_social_sdk_4.0_custom/UMSocial_Sdk_4.0</string>
				</array>
				<key>PRODUCT_NAME</key>
				<string>MagicPaint</string>
				<key>WRAPPER_EXTENSION</key>
				<string>app</string>
			</dict>
			<key>isa</key>
			<string>XCBuildConfiguration</string>
			<key>name</key>
			<string>Release</string>
		</dict>
		<key>00868A7D18C012E300CBBE3C</key>
		<dict>
			<key>buildConfigurations</key>
			<array>
				<string>00868A7E18C012E300CBBE3C</string>
				<string>00868A7F18C012E300CBBE3C</string>
			</array>
			<key>defaultConfigurationIsVisible</key>
			<string>0</string>
			<key>defaultConfigurationName</key>
			<string>Release</string>
			<key>isa</key>
			<string>XCConfigurationList</string>
		</dict>
		<key>00868A7E18C012E300CBBE3C</key>
		<dict>
			<key>buildSettings</key>
			<dict>
				<key>BUNDLE_LOADER</key>
				<string>$(BUILT_PRODUCTS_DIR)/paint.app/paint</string>
				<key>FRAMEWORK_SEARCH_PATHS</key>
				<array>
					<string>$(SDKROOT)/Developer/Library/Frameworks</string>
					<string>$(inherited)</string>
					<string>$(DEVELOPER_FRAMEWORKS_DIR)</string>
				</array>
				<key>GCC_PRECOMPILE_PREFIX_HEADER</key>
				<string>YES</string>
				<key>GCC_PREFIX_HEADER</key>
				<string>paint/paint-Prefix.pch</string>
				<key>GCC_PREPROCESSOR_DEFINITIONS</key>
				<array>
					<string>DEBUG=1</string>
					<string>$(inherited)</string>
				</array>
				<key>INFOPLIST_FILE</key>
				<string>paintTests/Supporting Files/MagicPaintTests-Info.plist</string>
				<key>PRODUCT_NAME</key>
				<string>MagicPaintTests</string>
				<key>TEST_HOST</key>
				<string>$(BUNDLE_LOADER)</string>
				<key>WRAPPER_EXTENSION</key>
				<string>xctest</string>
			</dict>
			<key>isa</key>
			<string>XCBuildConfiguration</string>
			<key>name</key>
			<string>Debug</string>
		</dict>
		<key>00868A7F18C012E300CBBE3C</key>
		<dict>
			<key>buildSettings</key>
			<dict>
				<key>BUNDLE_LOADER</key>
				<string>$(BUILT_PRODUCTS_DIR)/paint.app/paint</string>
				<key>FRAMEWORK_SEARCH_PATHS</key>
				<array>
					<string>$(SDKROOT)/Developer/Library/Frameworks</string>
					<string>$(inherited)</string>
					<string>$(DEVELOPER_FRAMEWORKS_DIR)</string>
				</array>
				<key>GCC_PRECOMPILE_PREFIX_HEADER</key>
				<string>YES</string>
				<key>GCC_PREFIX_HEADER</key>
				<string>paint/paint-Prefix.pch</string>
				<key>INFOPLIST_FILE</key>
				<string>paintTests/Supporting Files/MagicPaintTests-Info.plist</string>
				<key>PRODUCT_NAME</key>
				<string>MagicPaintTests</string>
				<key>TEST_HOST</key>
				<string>$(BUNDLE_LOADER)</string>
				<key>WRAPPER_EXTENSION</key>
				<string>xctest</string>
			</dict>
			<key>isa</key>
			<string>XCBuildConfiguration</string>
			<key>name</key>
			<string>Release</string>
		</dict>
		<key>00868A8018C0185200CBBE3C</key>
		<dict>
			<key>isa</key>
			<string>PBXFileReference</string>
			<key>lastKnownFileType</key>
			<string>image.png</string>
			<key>path</key>
			<string>ellipse.png</string>
			<key>sourceTree</key>
			<string>&lt;group&gt;</string>
		</dict>
		<key>00868A8118C0185200CBBE3C</key>
		<dict>
			<key>isa</key>
			<string>PBXFileReference</string>
			<key>lastKnownFileType</key>
			<string>image.png</string>
			<key>path</key>
			<string>line.png</string>
			<key>sourceTree</key>
			<string>&lt;group&gt;</string>
		</dict>
		<key>00868A8218C0185200CBBE3C</key>
		<dict>
			<key>isa</key>
			<string>PBXFileReference</string>
			<key>lastKnownFileType</key>
			<string>image.png</string>
			<key>path</key>
			<string>pencil.png</string>
			<key>sourceTree</key>
			<string>&lt;group&gt;</string>
		</dict>
		<key>00868A8318C0185200CBBE3C</key>
		<dict>
			<key>isa</key>
			<string>PBXFileReference</string>
			<key>lastKnownFileType</key>
			<string>image.png</string>
			<key>path</key>
			<string>pentagon.png</string>
			<key>sourceTree</key>
			<string>&lt;group&gt;</string>
		</dict>
		<key>00868A8418C0185200CBBE3C</key>
		<dict>
			<key>isa</key>
			<string>PBXFileReference</string>
			<key>lastKnownFileType</key>
			<string>image.png</string>
			<key>path</key>
			<string>polyline.png</string>
			<key>sourceTree</key>
			<string>&lt;group&gt;</string>
		</dict>
		<key>00868A8518C0185200CBBE3C</key>
		<dict>
			<key>isa</key>
			<string>PBXFileReference</string>
			<key>lastKnownFileType</key>
			<string>image.png</string>
			<key>path</key>
			<string>rectangle.png</string>
			<key>sourceTree</key>
			<string>&lt;group&gt;</string>
		</dict>
		<key>00868A8618C0185200CBBE3C</key>
		<dict>
			<key>fileRef</key>
			<string>00868A8018C0185200CBBE3C</string>
			<key>isa</key>
			<string>PBXBuildFile</string>
		</dict>
		<key>00868A8718C0185200CBBE3C</key>
		<dict>
			<key>fileRef</key>
			<string>00868A8118C0185200CBBE3C</string>
			<key>isa</key>
			<string>PBXBuildFile</string>
		</dict>
		<key>00868A8818C0185200CBBE3C</key>
		<dict>
			<key>fileRef</key>
			<string>00868A8218C0185200CBBE3C</string>
			<key>isa</key>
			<string>PBXBuildFile</string>
		</dict>
		<key>00868A8918C0185200CBBE3C</key>
		<dict>
			<key>fileRef</key>
			<string>00868A8318C0185200CBBE3C</string>
			<key>isa</key>
			<string>PBXBuildFile</string>
		</dict>
		<key>00868A8A18C0185200CBBE3C</key>
		<dict>
			<key>fileRef</key>
			<string>00868A8418C0185200CBBE3C</string>
			<key>isa</key>
			<string>PBXBuildFile</string>
		</dict>
		<key>00868A8B18C0185200CBBE3C</key>
		<dict>
			<key>fileRef</key>
			<string>00868A8518C0185200CBBE3C</string>
			<key>isa</key>
			<string>PBXBuildFile</string>
		</dict>
		<key>00868A9018C01DA100CBBE3C</key>
		<dict>
			<key>isa</key>
			<string>PBXFileReference</string>
			<key>lastKnownFileType</key>
			<string>image.png</string>
			<key>path</key>
			<string>degree1.png</string>
			<key>sourceTree</key>
			<string>&lt;group&gt;</string>
		</dict>
		<key>00868A9118C01DA100CBBE3C</key>
		<dict>
			<key>isa</key>
			<string>PBXFileReference</string>
			<key>lastKnownFileType</key>
			<string>image.png</string>
			<key>path</key>
			<string>degree2.png</string>
			<key>sourceTree</key>
			<string>&lt;group&gt;</string>
		</dict>
		<key>00868A9218C01DA100CBBE3C</key>
		<dict>
			<key>isa</key>
			<string>PBXFileReference</string>
			<key>lastKnownFileType</key>
			<string>image.png</string>
			<key>path</key>
			<string>degree3.png</string>
			<key>sourceTree</key>
			<string>&lt;group&gt;</string>
		</dict>
		<key>00868A9318C01DA100CBBE3C</key>
		<dict>
			<key>isa</key>
			<string>PBXFileReference</string>
			<key>lastKnownFileType</key>
			<string>image.png</string>
			<key>path</key>
			<string>degree4.png</string>
			<key>sourceTree</key>
			<string>&lt;group&gt;</string>
		</dict>
		<key>00868A9418C01DA100CBBE3C</key>
		<dict>
			<key>isa</key>
			<string>PBXFileReference</string>
			<key>lastKnownFileType</key>
			<string>image.png</string>
			<key>path</key>
			<string>degree5.png</string>
			<key>sourceTree</key>
			<string>&lt;group&gt;</string>
		</dict>
		<key>00868A9518C01DA100CBBE3C</key>
		<dict>
			<key>isa</key>
			<string>PBXFileReference</string>
			<key>lastKnownFileType</key>
			<string>image.png</string>
			<key>path</key>
			<string>degree6.png</string>
			<key>sourceTree</key>
			<string>&lt;group&gt;</string>
		</dict>
		<key>00868A9618C01DA100CBBE3C</key>
		<dict>
			<key>fileRef</key>
			<string>00868A9018C01DA100CBBE3C</string>
			<key>isa</key>
			<string>PBXBuildFile</string>
		</dict>
		<key>00868A9718C01DA100CBBE3C</key>
		<dict>
			<key>fileRef</key>
			<string>00868A9118C01DA100CBBE3C</string>
			<key>isa</key>
			<string>PBXBuildFile</string>
		</dict>
		<key>00868A9818C01DA100CBBE3C</key>
		<dict>
			<key>fileRef</key>
			<string>00868A9218C01DA100CBBE3C</string>
			<key>isa</key>
			<string>PBXBuildFile</string>
		</dict>
		<key>00868A9918C01DA100CBBE3C</key>
		<dict>
			<key>fileRef</key>
			<string>00868A9318C01DA100CBBE3C</string>
			<key>isa</key>
			<string>PBXBuildFile</string>
		</dict>
		<key>00868A9A18C01DA100CBBE3C</key>
		<dict>
			<key>fileRef</key>
			<string>00868A9418C01DA100CBBE3C</string>
			<key>isa</key>
			<string>PBXBuildFile</string>
		</dict>
		<key>00868A9B18C01DA100CBBE3C</key>
		<dict>
			<key>fileRef</key>
			<string>00868A9518C01DA100CBBE3C</string>
			<key>isa</key>
			<string>PBXBuildFile</string>
		</dict>
		<key>00868A9C18C01FB900CBBE3C</key>
		<dict>
			<key>isa</key>
			<string>PBXFileReference</string>
			<key>lastKnownFileType</key>
			<string>image.png</string>
			<key>path</key>
			<string>keep.png</string>
			<key>sourceTree</key>
			<string>&lt;group&gt;</string>
		</dict>
		<key>00868A9D18C01FB900CBBE3C</key>
		<dict>
			<key>isa</key>
			<string>PBXFileReference</string>
			<key>lastKnownFileType</key>
			<string>image.png</string>
			<key>path</key>
			<string>photo.png</string>
			<key>sourceTree</key>
			<string>&lt;group&gt;</string>
		</dict>
		<key>00868A9E18C01FB900CBBE3C</key>
		<dict>
			<key>isa</key>
			<string>PBXFileReference</string>
			<key>lastKnownFileType</key>
			<string>image.png</string>
			<key>path</key>
			<string>share.png</string>
			<key>sourceTree</key>
			<string>&lt;group&gt;</string>
		</dict>
		<key>00868A9F18C01FB900CBBE3C</key>
		<dict>
			<key>fileRef</key>
			<string>00868A9C18C01FB900CBBE3C</string>
			<key>isa</key>
			<string>PBXBuildFile</string>
		</dict>
		<key>00868AA018C01FB900CBBE3C</key>
		<dict>
			<key>fileRef</key>
			<string>00868A9D18C01FB900CBBE3C</string>
			<key>isa</key>
			<string>PBXBuildFile</string>
		</dict>
		<key>00868AA118C01FB900CBBE3C</key>
		<dict>
			<key>fileRef</key>
			<string>00868A9E18C01FB900CBBE3C</string>
			<key>isa</key>
			<string>PBXBuildFile</string>
		</dict>
		<key>00887F6A18ED9141004E26B4</key>
		<dict>
			<key>children</key>
			<array>
				<string>529DB90F198255A4007037DA</string>
				<string>529DB90E19825584007037DA</string>
				<string>529DB910198255C4007037DA</string>
			</array>
			<key>isa</key>
			<string>PBXGroup</string>
			<key>path</key>
			<string>KKSPainting</string>
			<key>sourceTree</key>
			<string>&lt;group&gt;</string>
		</dict>
		<key>00887F6B18ED9141004E26B4</key>
		<dict>
			<key>fileEncoding</key>
			<string>4</string>
			<key>isa</key>
			<string>PBXFileReference</string>
			<key>lastKnownFileType</key>
			<string>sourcecode.c.h</string>
			<key>path</key>
			<string>KKSBrokenPainting.h</string>
			<key>sourceTree</key>
			<string>&lt;group&gt;</string>
		</dict>
		<key>00887F6C18ED9141004E26B4</key>
		<dict>
			<key>fileEncoding</key>
			<string>4</string>
			<key>isa</key>
			<string>PBXFileReference</string>
			<key>lastKnownFileType</key>
			<string>sourcecode.c.objc</string>
			<key>path</key>
			<string>KKSBrokenPainting.m</string>
			<key>sourceTree</key>
			<string>&lt;group&gt;</string>
		</dict>
		<key>00887F6D18ED9141004E26B4</key>
		<dict>
			<key>fileEncoding</key>
			<string>4</string>
			<key>isa</key>
			<string>PBXFileReference</string>
			<key>lastKnownFileType</key>
			<string>sourcecode.c.h</string>
			<key>path</key>
			<string>KKSPaintingPen.h</string>
			<key>sourceTree</key>
			<string>&lt;group&gt;</string>
		</dict>
		<key>00887F6E18ED9141004E26B4</key>
		<dict>
			<key>fileEncoding</key>
			<string>4</string>
			<key>isa</key>
			<string>PBXFileReference</string>
			<key>lastKnownFileType</key>
			<string>sourcecode.c.objc</string>
			<key>path</key>
			<string>KKSPaintingPen.m</string>
			<key>sourceTree</key>
			<string>&lt;group&gt;</string>
		</dict>
		<key>00887F6F18ED9141004E26B4</key>
		<dict>
			<key>fileEncoding</key>
			<string>4</string>
			<key>isa</key>
			<string>PBXFileReference</string>
			<key>lastKnownFileType</key>
			<string>sourcecode.c.h</string>
			<key>name</key>
			<string>KKSLog.h</string>
			<key>path</key>
			<string>KKSLog.h</string>
			<key>sourceTree</key>
			<string>&lt;group&gt;</string>
		</dict>
		<key>00887F7018ED9141004E26B4</key>
		<dict>
			<key>fileEncoding</key>
			<string>4</string>
			<key>isa</key>
			<string>PBXFileReference</string>
			<key>lastKnownFileType</key>
			<string>sourcecode.c.h</string>
			<key>path</key>
			<string>KKSPainting.h</string>
			<key>sourceTree</key>
			<string>&lt;group&gt;</string>
		</dict>
		<key>00887F7118ED9141004E26B4</key>
		<dict>
			<key>fileEncoding</key>
			<string>4</string>
			<key>isa</key>
			<string>PBXFileReference</string>
			<key>lastKnownFileType</key>
			<string>sourcecode.c.h</string>
			<key>path</key>
			<string>KKSPaintingConstant.h</string>
			<key>sourceTree</key>
			<string>&lt;group&gt;</string>
		</dict>
		<key>00887F7218ED9141004E26B4</key>
		<dict>
			<key>fileEncoding</key>
			<string>4</string>
			<key>isa</key>
			<string>PBXFileReference</string>
			<key>lastKnownFileType</key>
			<string>sourcecode.c.h</string>
			<key>path</key>
			<string>KKSPaintingManager.h</string>
			<key>sourceTree</key>
			<string>&lt;group&gt;</string>
		</dict>
		<key>00887F7318ED9141004E26B4</key>
		<dict>
			<key>fileEncoding</key>
			<string>4</string>
			<key>isa</key>
			<string>PBXFileReference</string>
			<key>lastKnownFileType</key>
			<string>sourcecode.c.objc</string>
			<key>path</key>
			<string>KKSPaintingManager.m</string>
			<key>sourceTree</key>
			<string>&lt;group&gt;</string>
		</dict>
		<key>00887F7418ED9141004E26B4</key>
		<dict>
			<key>fileEncoding</key>
			<string>4</string>
			<key>isa</key>
			<string>PBXFileReference</string>
			<key>lastKnownFileType</key>
			<string>sourcecode.c.h</string>
			<key>path</key>
			<string>KKSPaintingBase.h</string>
			<key>sourceTree</key>
			<string>&lt;group&gt;</string>
		</dict>
		<key>00887F7518ED9141004E26B4</key>
		<dict>
			<key>fileEncoding</key>
			<string>4</string>
			<key>isa</key>
			<string>PBXFileReference</string>
			<key>lastKnownFileType</key>
			<string>sourcecode.c.objc</string>
			<key>path</key>
			<string>KKSPaintingBase.m</string>
			<key>sourceTree</key>
			<string>&lt;group&gt;</string>
		</dict>
		<key>00887F7618ED9141004E26B4</key>
		<dict>
			<key>fileEncoding</key>
			<string>4</string>
			<key>isa</key>
			<string>PBXFileReference</string>
			<key>lastKnownFileType</key>
			<string>sourcecode.c.h</string>
			<key>path</key>
			<string>KKSPaintingTool_KKSPaintingHelper.h</string>
			<key>sourceTree</key>
			<string>&lt;group&gt;</string>
		</dict>
		<key>00887F7718ED9141004E26B4</key>
		<dict>
			<key>fileEncoding</key>
			<string>4</string>
			<key>isa</key>
			<string>PBXFileReference</string>
			<key>lastKnownFileType</key>
			<string>sourcecode.c.h</string>
			<key>path</key>
			<string>KKSPaintingView.h</string>
			<key>sourceTree</key>
			<string>&lt;group&gt;</string>
		</dict>
		<key>00887F7818ED9141004E26B4</key>
		<dict>
			<key>fileEncoding</key>
			<string>4</string>
			<key>isa</key>
			<string>PBXFileReference</string>
			<key>lastKnownFileType</key>
			<string>sourcecode.c.objc</string>
			<key>path</key>
			<string>KKSPaintingView.m</string>
			<key>sourceTree</key>
			<string>&lt;group&gt;</string>
		</dict>
		<key>00887F7918ED9141004E26B4</key>
		<dict>
			<key>fileEncoding</key>
			<string>4</string>
			<key>isa</key>
			<string>PBXFileReference</string>
			<key>lastKnownFileType</key>
			<string>sourcecode.c.h</string>
			<key>path</key>
			<string>KKSPointExtend.h</string>
			<key>sourceTree</key>
			<string>&lt;group&gt;</string>
		</dict>
		<key>00887F7A18ED9141004E26B4</key>
		<dict>
			<key>fileEncoding</key>
			<string>4</string>
			<key>isa</key>
			<string>PBXFileReference</string>
			<key>lastKnownFileType</key>
			<string>sourcecode.c.objc</string>
			<key>path</key>
			<string>KKSPointExtend.m</string>
			<key>sourceTree</key>
			<string>&lt;group&gt;</string>
		</dict>
		<key>00887F7B18ED9141004E26B4</key>
		<dict>
			<key>fileEncoding</key>
			<string>4</string>
			<key>isa</key>
			<string>PBXFileReference</string>
			<key>lastKnownFileType</key>
			<string>sourcecode.c.h</string>
			<key>path</key>
			<string>KKSShapePainting.h</string>
			<key>sourceTree</key>
			<string>&lt;group&gt;</string>
		</dict>
		<key>00887F7C18ED9141004E26B4</key>
		<dict>
			<key>fileEncoding</key>
			<string>4</string>
			<key>isa</key>
			<string>PBXFileReference</string>
			<key>lastKnownFileType</key>
			<string>sourcecode.c.objc</string>
			<key>path</key>
			<string>KKSShapePainting.m</string>
			<key>sourceTree</key>
			<string>&lt;group&gt;</string>
		</dict>
		<key>00887F7D18ED9141004E26B4</key>
		<dict>
			<key>fileEncoding</key>
			<string>4</string>
			<key>isa</key>
			<string>PBXFileReference</string>
			<key>lastKnownFileType</key>
			<string>sourcecode.c.h</string>
			<key>path</key>
			<string>NSMutableArray+KKSValueSupport.h</string>
			<key>sourceTree</key>
			<string>&lt;group&gt;</string>
		</dict>
		<key>00887F7E18ED9141004E26B4</key>
		<dict>
			<key>fileEncoding</key>
			<string>4</string>
			<key>isa</key>
			<string>PBXFileReference</string>
			<key>lastKnownFileType</key>
			<string>sourcecode.c.objc</string>
			<key>path</key>
			<string>NSMutableArray+KKSValueSupport.m</string>
			<key>sourceTree</key>
			<string>&lt;group&gt;</string>
		</dict>
		<key>00887F7F18ED9141004E26B4</key>
		<dict>
			<key>fileRef</key>
			<string>00887F6C18ED9141004E26B4</string>
			<key>isa</key>
			<string>PBXBuildFile</string>
		</dict>
		<key>00887F8018ED9141004E26B4</key>
		<dict>
			<key>fileRef</key>
			<string>00887F6E18ED9141004E26B4</string>
			<key>isa</key>
			<string>PBXBuildFile</string>
		</dict>
		<key>00887F8118ED9141004E26B4</key>
		<dict>
			<key>fileRef</key>
			<string>00887F7318ED9141004E26B4</string>
			<key>isa</key>
			<string>PBXBuildFile</string>
		</dict>
		<key>00887F8218ED9141004E26B4</key>
		<dict>
			<key>fileRef</key>
			<string>00887F7518ED9141004E26B4</string>
			<key>isa</key>
			<string>PBXBuildFile</string>
		</dict>
		<key>00887F8318ED9141004E26B4</key>
		<dict>
			<key>fileRef</key>
			<string>00887F7818ED9141004E26B4</string>
			<key>isa</key>
			<string>PBXBuildFile</string>
		</dict>
		<key>00887F8418ED9141004E26B4</key>
		<dict>
			<key>fileRef</key>
			<string>00887F7A18ED9141004E26B4</string>
			<key>isa</key>
			<string>PBXBuildFile</string>
		</dict>
		<key>00887F8518ED9141004E26B4</key>
		<dict>
			<key>fileRef</key>
			<string>00887F7C18ED9141004E26B4</string>
			<key>isa</key>
			<string>PBXBuildFile</string>
		</dict>
		<key>00887F8618ED9141004E26B4</key>
		<dict>
			<key>fileRef</key>
			<string>00887F7E18ED9141004E26B4</string>
			<key>isa</key>
			<string>PBXBuildFile</string>
		</dict>
		<key>00887F8718EDA66C004E26B4</key>
		<dict>
			<key>fileEncoding</key>
			<string>4</string>
			<key>isa</key>
			<string>PBXFileReference</string>
			<key>lastKnownFileType</key>
			<string>sourcecode.c.h</string>
			<key>path</key>
			<string>SetPatingBgViewController.h</string>
			<key>sourceTree</key>
			<string>&lt;group&gt;</string>
		</dict>
		<key>00887F8818EDA66C004E26B4</key>
		<dict>
			<key>fileEncoding</key>
			<string>4</string>
			<key>isa</key>
			<string>PBXFileReference</string>
			<key>lastKnownFileType</key>
			<string>sourcecode.c.objc</string>
			<key>path</key>
			<string>SetPatingBgViewController.m</string>
			<key>sourceTree</key>
			<string>&lt;group&gt;</string>
		</dict>
		<key>00887F8918EDA66C004E26B4</key>
		<dict>
			<key>fileRef</key>
			<string>00887F8818EDA66C004E26B4</string>
			<key>isa</key>
			<string>PBXBuildFile</string>
		</dict>
		<key>00D4E9D618E02EE1006340AB</key>
		<dict>
			<key>isa</key>
			<string>PBXFileReference</string>
			<key>lastKnownFileType</key>
			<string>image.png</string>
			<key>path</key>
			<string>paint.png</string>
			<key>sourceTree</key>
			<string>&lt;group&gt;</string>
		</dict>
		<key>00D4E9D718E02EE1006340AB</key>
		<dict>
			<key>fileRef</key>
			<string>00D4E9D618E02EE1006340AB</string>
			<key>isa</key>
			<string>PBXBuildFile</string>
		</dict>
		<key>522FE921198289D900E0E599</key>
		<dict>
			<key>fileEncoding</key>
			<string>4</string>
			<key>isa</key>
			<string>PBXFileReference</string>
			<key>lastKnownFileType</key>
			<string>sourcecode.c.h</string>
			<key>name</key>
			<string>KKSPaintingRectangle.h</string>
			<key>path</key>
			<string>KKSPaintingRectangle.h</string>
			<key>sourceTree</key>
			<string>&lt;group&gt;</string>
		</dict>
		<key>522FE922198289D900E0E599</key>
		<dict>
			<key>fileEncoding</key>
			<string>4</string>
			<key>isa</key>
			<string>PBXFileReference</string>
			<key>lastKnownFileType</key>
			<string>sourcecode.c.objc</string>
			<key>name</key>
			<string>KKSPaintingRectangle.m</string>
			<key>path</key>
			<string>KKSPaintingRectangle.m</string>
			<key>sourceTree</key>
			<string>&lt;group&gt;</string>
		</dict>
		<key>522FE923198289D900E0E599</key>
		<dict>
			<key>fileRef</key>
			<string>522FE922198289D900E0E599</string>
			<key>isa</key>
			<string>PBXBuildFile</string>
		</dict>
		<key>522FE9241982905600E0E599</key>
		<dict>
			<key>fileEncoding</key>
			<string>4</string>
			<key>isa</key>
			<string>PBXFileReference</string>
			<key>lastKnownFileType</key>
			<string>sourcecode.c.h</string>
			<key>path</key>
			<string>KKSPaintingEllipse.h</string>
			<key>sourceTree</key>
			<string>&lt;group&gt;</string>
		</dict>
		<key>522FE9251982905600E0E599</key>
		<dict>
			<key>fileEncoding</key>
			<string>4</string>
			<key>isa</key>
			<string>PBXFileReference</string>
			<key>lastKnownFileType</key>
			<string>sourcecode.c.objc</string>
			<key>path</key>
			<string>KKSPaintingEllipse.m</string>
			<key>sourceTree</key>
			<string>&lt;group&gt;</string>
		</dict>
		<key>522FE9261982905600E0E599</key>
		<dict>
			<key>fileRef</key>
			<string>522FE9251982905600E0E599</string>
			<key>isa</key>
			<string>PBXBuildFile</string>
		</dict>
		<key>527DE981198232E900EF570C</key>
		<dict>
			<key>children</key>
			<array>
				<string>527DE982198232E900EF570C</string>
			</array>
			<key>isa</key>
			<string>PBXGroup</string>
			<key>name</key>
			<string>UMSocial</string>
			<key>path</key>
			<string>UMSocial</string>
			<key>sourceTree</key>
			<string>&lt;group&gt;</string>
		</dict>
		<key>527DE982198232E900EF570C</key>
		<dict>
			<key>children</key>
			<array>
				<string>527DE983198232E900EF570C</string>
				<string>527DE985198232E900EF570C</string>
				<string>527DE991198232E900EF570C</string>
				<string>527DE992198232E900EF570C</string>
				<string>527DE99B198232E900EF570C</string>
			</array>
			<key>isa</key>
			<string>PBXGroup</string>
			<key>path</key>
			<string>UMSocial_Sdk_4.0</string>
			<key>sourceTree</key>
			<string>&lt;group&gt;</string>
		</dict>
		<key>527DE983198232E900EF570C</key>
		<dict>
			<key>children</key>
			<array>
				<string>527DE984198232E900EF570C</string>
				<string>527DE99C198232E900EF570C</string>
			</array>
			<key>isa</key>
			<string>PBXVariantGroup</string>
			<key>name</key>
			<string>UMSocialLocalizable.strings</string>
			<key>sourceTree</key>
			<string>&lt;group&gt;</string>
		</dict>
		<key>527DE984198232E900EF570C</key>
		<dict>
			<key>isa</key>
			<string>PBXFileReference</string>
			<key>lastKnownFileType</key>
			<string>text.plist.strings</string>
			<key>name</key>
			<string>en</string>
			<key>path</key>
			<string>en.lproj/UMSocialLocalizable.strings</string>
			<key>sourceTree</key>
			<string>&lt;group&gt;</string>
		</dict>
		<key>527DE985198232E900EF570C</key>
		<dict>
			<key>children</key>
			<array>
				<string>527DE986198232E900EF570C</string>
				<string>527DE987198232E900EF570C</string>
				<string>527DE988198232E900EF570C</string>
				<string>527DE989198232E900EF570C</string>
				<string>527DE98A198232E900EF570C</string>
				<string>527DE98B198232E900EF570C</string>
				<string>527DE98C198232E900EF570C</string>
				<string>527DE98D198232E900EF570C</string>
				<string>527DE98E198232E900EF570C</string>
				<string>527DE98F198232E900EF570C</string>
				<string>527DE990198232E900EF570C</string>
			</array>
			<key>isa</key>
			<string>PBXGroup</string>
			<key>path</key>
			<string>Header</string>
			<key>sourceTree</key>
			<string>&lt;group&gt;</string>
		</dict>
		<key>527DE986198232E900EF570C</key>
		<dict>
			<key>fileEncoding</key>
			<string>4</string>
			<key>isa</key>
			<string>PBXFileReference</string>
			<key>lastKnownFileType</key>
			<string>sourcecode.c.h</string>
			<key>path</key>
			<string>UMSocial.h</string>
			<key>sourceTree</key>
			<string>&lt;group&gt;</string>
		</dict>
		<key>527DE987198232E900EF570C</key>
		<dict>
			<key>fileEncoding</key>
			<string>4</string>
			<key>isa</key>
			<string>PBXFileReference</string>
			<key>lastKnownFileType</key>
			<string>sourcecode.c.h</string>
			<key>path</key>
			<string>UMSocialAccountManager.h</string>
			<key>sourceTree</key>
			<string>&lt;group&gt;</string>
		</dict>
		<key>527DE988198232E900EF570C</key>
		<dict>
			<key>fileEncoding</key>
			<string>4</string>
			<key>isa</key>
			<string>PBXFileReference</string>
			<key>lastKnownFileType</key>
			<string>sourcecode.c.h</string>
			<key>path</key>
			<string>UMSocialBar.h</string>
			<key>sourceTree</key>
			<string>&lt;group&gt;</string>
		</dict>
		<key>527DE989198232E900EF570C</key>
		<dict>
			<key>fileEncoding</key>
			<string>4</string>
			<key>isa</key>
			<string>PBXFileReference</string>
			<key>lastKnownFileType</key>
			<string>sourcecode.c.h</string>
			<key>path</key>
			<string>UMSocialConfig.h</string>
			<key>sourceTree</key>
			<string>&lt;group&gt;</string>
		</dict>
		<key>527DE98A198232E900EF570C</key>
		<dict>
			<key>fileEncoding</key>
			<string>4</string>
			<key>isa</key>
			<string>PBXFileReference</string>
			<key>lastKnownFileType</key>
			<string>sourcecode.c.h</string>
			<key>path</key>
			<string>UMSocialControllerService.h</string>
			<key>sourceTree</key>
			<string>&lt;group&gt;</string>
		</dict>
		<key>527DE98B198232E900EF570C</key>
		<dict>
			<key>fileEncoding</key>
			<string>4</string>
			<key>isa</key>
			<string>PBXFileReference</string>
			<key>lastKnownFileType</key>
			<string>sourcecode.c.h</string>
			<key>path</key>
			<string>UMSocialControllerServiceComment.h</string>
			<key>sourceTree</key>
			<string>&lt;group&gt;</string>
		</dict>
		<key>527DE98C198232E900EF570C</key>
		<dict>
			<key>fileEncoding</key>
			<string>4</string>
			<key>isa</key>
			<string>PBXFileReference</string>
			<key>lastKnownFileType</key>
			<string>sourcecode.c.h</string>
			<key>path</key>
			<string>UMSocialData.h</string>
			<key>sourceTree</key>
			<string>&lt;group&gt;</string>
		</dict>
		<key>527DE98D198232E900EF570C</key>
		<dict>
			<key>fileEncoding</key>
			<string>4</string>
			<key>isa</key>
			<string>PBXFileReference</string>
			<key>lastKnownFileType</key>
			<string>sourcecode.c.h</string>
			<key>path</key>
			<string>UMSocialDataService.h</string>
			<key>sourceTree</key>
			<string>&lt;group&gt;</string>
		</dict>
		<key>527DE98E198232E900EF570C</key>
		<dict>
			<key>fileEncoding</key>
			<string>4</string>
			<key>isa</key>
			<string>PBXFileReference</string>
			<key>lastKnownFileType</key>
			<string>sourcecode.c.h</string>
			<key>path</key>
			<string>UMSocialSnsData.h</string>
			<key>sourceTree</key>
			<string>&lt;group&gt;</string>
		</dict>
		<key>527DE98F198232E900EF570C</key>
		<dict>
			<key>fileEncoding</key>
			<string>4</string>
			<key>isa</key>
			<string>PBXFileReference</string>
			<key>lastKnownFileType</key>
			<string>sourcecode.c.h</string>
			<key>path</key>
			<string>UMSocialSnsPlatformManager.h</string>
			<key>sourceTree</key>
			<string>&lt;group&gt;</string>
		</dict>
		<key>527DE990198232E900EF570C</key>
		<dict>
			<key>fileEncoding</key>
			<string>4</string>
			<key>isa</key>
			<string>PBXFileReference</string>
			<key>lastKnownFileType</key>
			<string>sourcecode.c.h</string>
			<key>path</key>
			<string>UMSocialSnsService.h</string>
			<key>sourceTree</key>
			<string>&lt;group&gt;</string>
		</dict>
		<key>527DE991198232E900EF570C</key>
		<dict>
			<key>isa</key>
			<string>PBXFileReference</string>
			<key>lastKnownFileType</key>
			<string>archive.ar</string>
			<key>path</key>
			<string>libUMSocial_Sdk_4.0.a</string>
			<key>sourceTree</key>
			<string>&lt;group&gt;</string>
		</dict>
		<key>527DE992198232E900EF570C</key>
		<dict>
			<key>children</key>
			<array>
				<string>527DE993198232E900EF570C</string>
				<string>527DE994198232E900EF570C</string>
				<string>527DE995198232E900EF570C</string>
				<string>527DE996198232E900EF570C</string>
				<string>527DE997198232E900EF570C</string>
				<string>527DE998198232E900EF570C</string>
				<string>527DE999198232E900EF570C</string>
				<string>527DE99A198232E900EF570C</string>
			</array>
			<key>isa</key>
			<string>PBXGroup</string>
			<key>path</key>
			<string>SocialSDKXib</string>
			<key>sourceTree</key>
			<string>&lt;group&gt;</string>
		</dict>
		<key>527DE993198232E900EF570C</key>
		<dict>
			<key>fileEncoding</key>
			<string>4</string>
			<key>isa</key>
			<string>PBXFileReference</string>
			<key>lastKnownFileType</key>
			<string>file.xib</string>
			<key>path</key>
			<string>UMSCommentDetailController.xib</string>
			<key>sourceTree</key>
			<string>&lt;group&gt;</string>
		</dict>
		<key>527DE994198232E900EF570C</key>
		<dict>
			<key>fileEncoding</key>
			<string>4</string>
			<key>isa</key>
			<string>PBXFileReference</string>
			<key>lastKnownFileType</key>
			<string>file.xib</string>
			<key>path</key>
			<string>UMSCommentInputController.xib</string>
			<key>sourceTree</key>
			<string>&lt;group&gt;</string>
		</dict>
		<key>527DE995198232E900EF570C</key>
		<dict>
			<key>fileEncoding</key>
			<string>4</string>
			<key>isa</key>
			<string>PBXFileReference</string>
			<key>lastKnownFileType</key>
			<string>file.xib</string>
			<key>path</key>
			<string>UMSCommentInputControlleriPad.xib</string>
			<key>sourceTree</key>
			<string>&lt;group&gt;</string>
		</dict>
		<key>527DE996198232E900EF570C</key>
		<dict>
			<key>fileEncoding</key>
			<string>4</string>
			<key>isa</key>
			<string>PBXFileReference</string>
			<key>lastKnownFileType</key>
			<string>file.xib</string>
			<key>path</key>
			<string>UMShareEditViewController.xib</string>
			<key>sourceTree</key>
			<string>&lt;group&gt;</string>
		</dict>
		<key>527DE997198232E900EF570C</key>
		<dict>
			<key>fileEncoding</key>
			<string>4</string>
			<key>isa</key>
			<string>PBXFileReference</string>
			<key>lastKnownFileType</key>
			<string>file.xib</string>
			<key>path</key>
			<string>UMShareEditViewControlleriPad.xib</string>
			<key>sourceTree</key>
			<string>&lt;group&gt;</string>
		</dict>
		<key>527DE998198232E900EF570C</key>
		<dict>
			<key>fileEncoding</key>
			<string>4</string>
			<key>isa</key>
			<string>PBXFileReference</string>
			<key>lastKnownFileType</key>
			<string>file.xib</string>
			<key>path</key>
			<string>UMSLoginViewController.xib</string>
			<key>sourceTree</key>
			<string>&lt;group&gt;</string>
		</dict>
		<key>527DE999198232E900EF570C</key>
		<dict>
			<key>fileEncoding</key>
			<string>4</string>
			<key>isa</key>
			<string>PBXFileReference</string>
			<key>lastKnownFileType</key>
			<string>file.xib</string>
			<key>path</key>
			<string>UMSnsAccountViewController.xib</string>
			<key>sourceTree</key>
			<string>&lt;group&gt;</string>
		</dict>
		<key>527DE99A198232E900EF570C</key>
		<dict>
			<key>fileEncoding</key>
			<string>4</string>
			<key>isa</key>
			<string>PBXFileReference</string>
			<key>lastKnownFileType</key>
			<string>file.xib</string>
			<key>path</key>
			<string>UMSShareListController.xib</string>
			<key>sourceTree</key>
			<string>&lt;group&gt;</string>
		</dict>
		<key>527DE99B198232E900EF570C</key>
		<dict>
			<key>isa</key>
			<string>PBXFileReference</string>
			<key>lastKnownFileType</key>
			<string>wrapper.plug-in</string>
			<key>path</key>
			<string>UMSocialSDKResourcesNew.bundle</string>
			<key>sourceTree</key>
			<string>&lt;group&gt;</string>
		</dict>
		<key>527DE99C198232E900EF570C</key>
		<dict>
			<key>isa</key>
			<string>PBXFileReference</string>
			<key>lastKnownFileType</key>
			<string>text.plist.strings</string>
			<key>name</key>
			<string>zh-Hans</string>
			<key>path</key>
			<string>zh-Hans.lproj/UMSocialLocalizable.strings</string>
			<key>sourceTree</key>
			<string>&lt;group&gt;</string>
		</dict>
		<key>527DE99D198232E900EF570C</key>
		<dict>
			<key>fileRef</key>
			<string>527DE983198232E900EF570C</string>
			<key>isa</key>
			<string>PBXBuildFile</string>
		</dict>
		<key>527DE99E198232E900EF570C</key>
		<dict>
			<key>fileRef</key>
			<string>527DE991198232E900EF570C</string>
			<key>isa</key>
			<string>PBXBuildFile</string>
		</dict>
		<key>527DE99F198232E900EF570C</key>
		<dict>
			<key>fileRef</key>
			<string>527DE993198232E900EF570C</string>
			<key>isa</key>
			<string>PBXBuildFile</string>
		</dict>
		<key>527DE9A0198232E900EF570C</key>
		<dict>
			<key>fileRef</key>
			<string>527DE994198232E900EF570C</string>
			<key>isa</key>
			<string>PBXBuildFile</string>
		</dict>
		<key>527DE9A1198232E900EF570C</key>
		<dict>
			<key>fileRef</key>
			<string>527DE995198232E900EF570C</string>
			<key>isa</key>
			<string>PBXBuildFile</string>
		</dict>
		<key>527DE9A2198232E900EF570C</key>
		<dict>
			<key>fileRef</key>
			<string>527DE996198232E900EF570C</string>
			<key>isa</key>
			<string>PBXBuildFile</string>
		</dict>
		<key>527DE9A3198232E900EF570C</key>
		<dict>
			<key>fileRef</key>
			<string>527DE997198232E900EF570C</string>
			<key>isa</key>
			<string>PBXBuildFile</string>
		</dict>
		<key>527DE9A4198232E900EF570C</key>
		<dict>
			<key>fileRef</key>
			<string>527DE998198232E900EF570C</string>
			<key>isa</key>
			<string>PBXBuildFile</string>
		</dict>
		<key>527DE9A5198232E900EF570C</key>
		<dict>
			<key>fileRef</key>
			<string>527DE999198232E900EF570C</string>
			<key>isa</key>
			<string>PBXBuildFile</string>
		</dict>
		<key>527DE9A6198232E900EF570C</key>
		<dict>
			<key>fileRef</key>
			<string>527DE99A198232E900EF570C</string>
			<key>isa</key>
			<string>PBXBuildFile</string>
		</dict>
		<key>527DE9A7198232E900EF570C</key>
		<dict>
			<key>fileRef</key>
			<string>527DE99B198232E900EF570C</string>
			<key>isa</key>
			<string>PBXBuildFile</string>
		</dict>
		<key>529DB90E19825584007037DA</key>
		<dict>
			<key>children</key>
			<array>
				<string>00887F7118ED9141004E26B4</string>
				<string>00887F7218ED9141004E26B4</string>
				<string>00887F7318ED9141004E26B4</string>
			</array>
			<key>isa</key>
			<string>PBXGroup</string>
			<key>name</key>
			<string>Manager</string>
			<key>path</key>
			<string>Manager</string>
			<key>sourceTree</key>
			<string>&lt;group&gt;</string>
		</dict>
		<key>529DB90F198255A4007037DA</key>
		<dict>
			<key>children</key>
			<array>
				<string>00887F7018ED9141004E26B4</string>
				<string>52E91BEB198269D4000F5ED4</string>
				<string>00887F7418ED9141004E26B4</string>
				<string>00887F7518ED9141004E26B4</string>
				<string>00887F7618ED9141004E26B4</string>
				<string>52E91BE7198265AF000F5ED4</string>
				<string>52E91BEF19826BFB000F5ED4</string>
				<string>52E91BF319826D86000F5ED4</string>
				<string>00887F7718ED9141004E26B4</string>
				<string>00887F7818ED9141004E26B4</string>
			</array>
			<key>isa</key>
			<string>PBXGroup</string>
			<key>name</key>
			<string>Painting</string>
			<key>path</key>
			<string>Painting</string>
			<key>sourceTree</key>
			<string>&lt;group&gt;</string>
		</dict>
		<key>529DB910198255C4007037DA</key>
		<dict>
			<key>children</key>
			<array>
				<string>00887F7918ED9141004E26B4</string>
				<string>00887F7A18ED9141004E26B4</string>
				<string>00887F7D18ED9141004E26B4</string>
				<string>00887F7E18ED9141004E26B4</string>
			</array>
			<key>isa</key>
			<string>PBXGroup</string>
			<key>name</key>
			<string>Extension</string>
			<key>path</key>
			<string>Extension</string>
			<key>sourceTree</key>
			<string>&lt;group&gt;</string>
		</dict>
		<key>52E91BE4198265A6000F5ED4</key>
		<dict>
			<key>fileEncoding</key>
			<string>4</string>
			<key>isa</key>
			<string>PBXFileReference</string>
			<key>lastKnownFileType</key>
			<string>sourcecode.c.h</string>
			<key>path</key>
			<string>KKSPaintingSegments.h</string>
			<key>sourceTree</key>
			<string>&lt;group&gt;</string>
		</dict>
		<key>52E91BE5198265A6000F5ED4</key>
		<dict>
			<key>fileEncoding</key>
			<string>4</string>
			<key>isa</key>
			<string>PBXFileReference</string>
			<key>lastKnownFileType</key>
			<string>sourcecode.c.objc</string>
			<key>path</key>
			<string>KKSPaintingSegments.m</string>
			<key>sourceTree</key>
			<string>&lt;group&gt;</string>
		</dict>
		<key>52E91BE6198265A6000F5ED4</key>
		<dict>
			<key>fileRef</key>
			<string>52E91BE5198265A6000F5ED4</string>
			<key>isa</key>
			<string>PBXBuildFile</string>
		</dict>
		<key>52E91BE7198265AF000F5ED4</key>
		<dict>
			<key>children</key>
			<array>
				<string>00887F6B18ED9141004E26B4</string>
				<string>00887F6C18ED9141004E26B4</string>
				<string>52E91BE4198265A6000F5ED4</string>
				<string>52E91BE5198265A6000F5ED4</string>
				<string>52E91BE81982688F000F5ED4</string>
				<string>52E91BE91982688F000F5ED4</string>
				<string>52E91BEC19826B13000F5ED4</string>
				<string>52E91BED19826B13000F5ED4</string>
			</array>
			<key>isa</key>
			<string>PBXGroup</string>
			<key>name</key>
			<string>BrokenPainting</string>
			<key>path</key>
			<string>BrokenPainting</string>
			<key>sourceTree</key>
			<string>&lt;group&gt;</string>
		</dict>
		<key>52E91BE81982688F000F5ED4</key>
		<dict>
			<key>fileEncoding</key>
			<string>4</string>
			<key>isa</key>
			<string>PBXFileReference</string>
			<key>lastKnownFileType</key>
			<string>sourcecode.c.h</string>
			<key>path</key>
			<string>KKSPaintingBezier.h</string>
			<key>sourceTree</key>
			<string>&lt;group&gt;</string>
		</dict>
		<key>52E91BE91982688F000F5ED4</key>
		<dict>
			<key>fileEncoding</key>
			<string>4</string>
			<key>isa</key>
			<string>PBXFileReference</string>
			<key>lastKnownFileType</key>
			<string>sourcecode.c.objc</string>
			<key>path</key>
			<string>KKSPaintingBezier.m</string>
			<key>sourceTree</key>
			<string>&lt;group&gt;</string>
		</dict>
		<key>52E91BEA1982688F000F5ED4</key>
		<dict>
			<key>fileRef</key>
			<string>52E91BE91982688F000F5ED4</string>
			<key>isa</key>
			<string>PBXBuildFile</string>
		</dict>
		<key>52E91BEB198269D4000F5ED4</key>
		<dict>
			<key>isa</key>
			<string>PBXFileReference</string>
			<key>lastKnownFileType</key>
			<string>sourcecode.c.h</string>
			<key>path</key>
			<string>KKSPaintingTool.h</string>
			<key>sourceTree</key>
			<string>&lt;group&gt;</string>
		</dict>
		<key>52E91BEC19826B13000F5ED4</key>
		<dict>
			<key>fileEncoding</key>
			<string>4</string>
			<key>isa</key>
			<string>PBXFileReference</string>
			<key>lastKnownFileType</key>
			<string>sourcecode.c.h</string>
			<key>path</key>
			<string>KKSPaintingPolygon.h</string>
			<key>sourceTree</key>
			<string>&lt;group&gt;</string>
		</dict>
		<key>52E91BED19826B13000F5ED4</key>
		<dict>
			<key>fileEncoding</key>
			<string>4</string>
			<key>isa</key>
			<string>PBXFileReference</string>
			<key>lastKnownFileType</key>
			<string>sourcecode.c.objc</string>
			<key>path</key>
			<string>KKSPaintingPolygon.m</string>
			<key>sourceTree</key>
			<string>&lt;group&gt;</string>
		</dict>
		<key>52E91BEE19826B13000F5ED4</key>
		<dict>
			<key>fileRef</key>
			<string>52E91BED19826B13000F5ED4</string>
			<key>isa</key>
			<string>PBXBuildFile</string>
		</dict>
		<key>52E91BEF19826BFB000F5ED4</key>
		<dict>
			<key>children</key>
			<array>
				<string>00887F6D18ED9141004E26B4</string>
				<string>00887F6E18ED9141004E26B4</string>
			</array>
			<key>isa</key>
			<string>PBXGroup</string>
			<key>name</key>
			<string>FreePainting</string>
			<key>path</key>
			<string>FreePainting</string>
			<key>sourceTree</key>
			<string>&lt;group&gt;</string>
		</dict>
		<key>52E91BF319826D86000F5ED4</key>
		<dict>
			<key>children</key>
			<array>
				<string>00887F7B18ED9141004E26B4</string>
				<string>00887F7C18ED9141004E26B4</string>
				<string>52E91BF419826DE6000F5ED4</string>
				<string>52E91BF519826DE6000F5ED4</string>
				<string>522FE921198289D900E0E599</string>
				<string>522FE922198289D900E0E599</string>
				<string>522FE9241982905600E0E599</string>
				<string>522FE9251982905600E0E599</string>
			</array>
			<key>isa</key>
			<string>PBXGroup</string>
			<key>name</key>
			<string>KKSShapePainting</string>
			<key>path</key>
			<string>KKSShapePainting</string>
			<key>sourceTree</key>
			<string>&lt;group&gt;</string>
		</dict>
		<key>52E91BF419826DE6000F5ED4</key>
		<dict>
			<key>fileEncoding</key>
			<string>4</string>
			<key>isa</key>
			<string>PBXFileReference</string>
			<key>lastKnownFileType</key>
			<string>sourcecode.c.h</string>
			<key>path</key>
			<string>KKSPaintingLine.h</string>
			<key>sourceTree</key>
			<string>&lt;group&gt;</string>
		</dict>
		<key>52E91BF519826DE6000F5ED4</key>
		<dict>
			<key>fileEncoding</key>
			<string>4</string>
			<key>isa</key>
			<string>PBXFileReference</string>
			<key>lastKnownFileType</key>
			<string>sourcecode.c.objc</string>
			<key>path</key>
			<string>KKSPaintingLine.m</string>
			<key>sourceTree</key>
			<string>&lt;group&gt;</string>
		</dict>
		<key>52E91BF619826DE6000F5ED4</key>
		<dict>
			<key>fileRef</key>
			<string>52E91BF519826DE6000F5ED4</string>
			<key>isa</key>
			<string>PBXBuildFile</string>
		</dict>
	</dict>
	<key>rootObject</key>
	<string>00868A3D18C012E200CBBE3C</string>
</dict>
</plist>
